// !$*UTF8*$!
{
	archiveVersion = 1;
	classes = {
	};
	objectVersion = 50;
	objects = {

/* Begin PBXBuildFile section */
		44B031FA23ABC1270009A789 /* AppDelegate.swift in Sources */ = {isa = PBXBuildFile; fileRef = 44B031F923ABC1270009A789 /* AppDelegate.swift */; };
		44B031FC23ABC1270009A789 /* ViewController.swift in Sources */ = {isa = PBXBuildFile; fileRef = 44B031FB23ABC1270009A789 /* ViewController.swift */; };
		44B031FF23ABC1270009A789 /* Main.storyboard in Resources */ = {isa = PBXBuildFile; fileRef = 44B031FD23ABC1270009A789 /* Main.storyboard */; };
		44B0320123ABC12A0009A789 /* Assets.xcassets in Resources */ = {isa = PBXBuildFile; fileRef = 44B0320023ABC12A0009A789 /* Assets.xcassets */; };
		44B0320423ABC12A0009A789 /* LaunchScreen.storyboard in Resources */ = {isa = PBXBuildFile; fileRef = 44B0320223ABC12A0009A789 /* LaunchScreen.storyboard */; };
		44B0320F23ABC12A0009A789 /* DubizzleAppTests.swift in Sources */ = {isa = PBXBuildFile; fileRef = 44B0320E23ABC12A0009A789 /* DubizzleAppTests.swift */; };
		44B0321A23ABC12A0009A789 /* DubizzleAppUITests.swift in Sources */ = {isa = PBXBuildFile; fileRef = 44B0321923ABC12A0009A789 /* DubizzleAppUITests.swift */; };
		44B0322A23ABCA3F0009A789 /* ProductCell.swift in Sources */ = {isa = PBXBuildFile; fileRef = 44B0322923ABCA3F0009A789 /* ProductCell.swift */; };
		44B0322B23ABCA3F0009A789 /* ProductCell.swift in Sources */ = {isa = PBXBuildFile; fileRef = 44B0322923ABCA3F0009A789 /* ProductCell.swift */; };
		44B0322C23ABCA3F0009A789 /* ProductCell.swift in Sources */ = {isa = PBXBuildFile; fileRef = 44B0322923ABCA3F0009A789 /* ProductCell.swift */; };
		44B0323323ACB92F0009A789 /* AppConstants.swift in Sources */ = {isa = PBXBuildFile; fileRef = 44B0323223ACB92F0009A789 /* AppConstants.swift */; };
		44B0323423ACB92F0009A789 /* AppConstants.swift in Sources */ = {isa = PBXBuildFile; fileRef = 44B0323223ACB92F0009A789 /* AppConstants.swift */; };
		44B0323523ACB92F0009A789 /* AppConstants.swift in Sources */ = {isa = PBXBuildFile; fileRef = 44B0323223ACB92F0009A789 /* AppConstants.swift */; };
		44B0323723ACB9980009A789 /* NetworkConstants.swift in Sources */ = {isa = PBXBuildFile; fileRef = 44B0323623ACB9980009A789 /* NetworkConstants.swift */; };
		44B0323823ACB9980009A789 /* NetworkConstants.swift in Sources */ = {isa = PBXBuildFile; fileRef = 44B0323623ACB9980009A789 /* NetworkConstants.swift */; };
		44B0323923ACB9980009A789 /* NetworkConstants.swift in Sources */ = {isa = PBXBuildFile; fileRef = 44B0323623ACB9980009A789 /* NetworkConstants.swift */; };
		44B0323C23ACBAAB0009A789 /* NetworkManager.swift in Sources */ = {isa = PBXBuildFile; fileRef = 44B0323B23ACBAAB0009A789 /* NetworkManager.swift */; };
		44B0323D23ACBAAB0009A789 /* NetworkManager.swift in Sources */ = {isa = PBXBuildFile; fileRef = 44B0323B23ACBAAB0009A789 /* NetworkManager.swift */; };
		44B0323E23ACBAAB0009A789 /* NetworkManager.swift in Sources */ = {isa = PBXBuildFile; fileRef = 44B0323B23ACBAAB0009A789 /* NetworkManager.swift */; };
		44B0324323ACBF2F0009A789 /* ProductModel.swift in Sources */ = {isa = PBXBuildFile; fileRef = 44B0324223ACBF2F0009A789 /* ProductModel.swift */; };
		44B0324423ACBF2F0009A789 /* ProductModel.swift in Sources */ = {isa = PBXBuildFile; fileRef = 44B0324223ACBF2F0009A789 /* ProductModel.swift */; };
		44B0324523ACBF2F0009A789 /* ProductModel.swift in Sources */ = {isa = PBXBuildFile; fileRef = 44B0324223ACBF2F0009A789 /* ProductModel.swift */; };
/* End PBXBuildFile section */

/* Begin PBXContainerItemProxy section */
		44B0320B23ABC12A0009A789 /* PBXContainerItemProxy */ = {
			isa = PBXContainerItemProxy;
			containerPortal = 44B031EE23ABC1270009A789 /* Project object */;
			proxyType = 1;
			remoteGlobalIDString = 44B031F523ABC1270009A789;
			remoteInfo = DubizzleApp;
		};
		44B0321623ABC12A0009A789 /* PBXContainerItemProxy */ = {
			isa = PBXContainerItemProxy;
			containerPortal = 44B031EE23ABC1270009A789 /* Project object */;
			proxyType = 1;
			remoteGlobalIDString = 44B031F523ABC1270009A789;
			remoteInfo = DubizzleApp;
		};
/* End PBXContainerItemProxy section */

/* Begin PBXFileReference section */
		44B031F623ABC1270009A789 /* DubizzleApp.app */ = {isa = PBXFileReference; explicitFileType = wrapper.application; includeInIndex = 0; path = DubizzleApp.app; sourceTree = BUILT_PRODUCTS_DIR; };
		44B031F923ABC1270009A789 /* AppDelegate.swift */ = {isa = PBXFileReference; lastKnownFileType = sourcecode.swift; path = AppDelegate.swift; sourceTree = "<group>"; };
		44B031FB23ABC1270009A789 /* ViewController.swift */ = {isa = PBXFileReference; lastKnownFileType = sourcecode.swift; path = ViewController.swift; sourceTree = "<group>"; };
		44B031FE23ABC1270009A789 /* Base */ = {isa = PBXFileReference; lastKnownFileType = file.storyboard; name = Base; path = Base.lproj/Main.storyboard; sourceTree = "<group>"; };
		44B0320023ABC12A0009A789 /* Assets.xcassets */ = {isa = PBXFileReference; lastKnownFileType = folder.assetcatalog; path = Assets.xcassets; sourceTree = "<group>"; };
		44B0320323ABC12A0009A789 /* Base */ = {isa = PBXFileReference; lastKnownFileType = file.storyboard; name = Base; path = Base.lproj/LaunchScreen.storyboard; sourceTree = "<group>"; };
		44B0320523ABC12A0009A789 /* Info.plist */ = {isa = PBXFileReference; lastKnownFileType = text.plist.xml; path = Info.plist; sourceTree = "<group>"; };
		44B0320A23ABC12A0009A789 /* DubizzleAppTests.xctest */ = {isa = PBXFileReference; explicitFileType = wrapper.cfbundle; includeInIndex = 0; path = DubizzleAppTests.xctest; sourceTree = BUILT_PRODUCTS_DIR; };
		44B0320E23ABC12A0009A789 /* DubizzleAppTests.swift */ = {isa = PBXFileReference; lastKnownFileType = sourcecode.swift; path = DubizzleAppTests.swift; sourceTree = "<group>"; };
		44B0321023ABC12A0009A789 /* Info.plist */ = {isa = PBXFileReference; lastKnownFileType = text.plist.xml; path = Info.plist; sourceTree = "<group>"; };
		44B0321523ABC12A0009A789 /* DubizzleAppUITests.xctest */ = {isa = PBXFileReference; explicitFileType = wrapper.cfbundle; includeInIndex = 0; path = DubizzleAppUITests.xctest; sourceTree = BUILT_PRODUCTS_DIR; };
		44B0321923ABC12A0009A789 /* DubizzleAppUITests.swift */ = {isa = PBXFileReference; lastKnownFileType = sourcecode.swift; path = DubizzleAppUITests.swift; sourceTree = "<group>"; };
		44B0321B23ABC12A0009A789 /* Info.plist */ = {isa = PBXFileReference; lastKnownFileType = text.plist.xml; path = Info.plist; sourceTree = "<group>"; };
		44B0322923ABCA3F0009A789 /* ProductCell.swift */ = {isa = PBXFileReference; lastKnownFileType = sourcecode.swift; path = ProductCell.swift; sourceTree = "<group>"; };
		44B0323223ACB92F0009A789 /* AppConstants.swift */ = {isa = PBXFileReference; lastKnownFileType = sourcecode.swift; path = AppConstants.swift; sourceTree = "<group>"; };
		44B0323623ACB9980009A789 /* NetworkConstants.swift */ = {isa = PBXFileReference; lastKnownFileType = sourcecode.swift; path = NetworkConstants.swift; sourceTree = "<group>"; };
		44B0323B23ACBAAB0009A789 /* NetworkManager.swift */ = {isa = PBXFileReference; lastKnownFileType = sourcecode.swift; path = NetworkManager.swift; sourceTree = "<group>"; };
		44B0324223ACBF2F0009A789 /* ProductModel.swift */ = {isa = PBXFileReference; lastKnownFileType = sourcecode.swift; path = ProductModel.swift; sourceTree = "<group>"; };
/* End PBXFileReference section */

/* Begin PBXFrameworksBuildPhase section */
		44B031F323ABC1270009A789 /* Frameworks */ = {
			isa = PBXFrameworksBuildPhase;
			buildActionMask = 2147483647;
			files = (
			);
			runOnlyForDeploymentPostprocessing = 0;
		};
		44B0320723ABC12A0009A789 /* Frameworks */ = {
			isa = PBXFrameworksBuildPhase;
			buildActionMask = 2147483647;
			files = (
			);
			runOnlyForDeploymentPostprocessing = 0;
		};
		44B0321223ABC12A0009A789 /* Frameworks */ = {
			isa = PBXFrameworksBuildPhase;
			buildActionMask = 2147483647;
			files = (
			);
			runOnlyForDeploymentPostprocessing = 0;
		};
/* End PBXFrameworksBuildPhase section */

/* Begin PBXGroup section */
		44B031ED23ABC1270009A789 = {
			isa = PBXGroup;
			children = (
				44B031F823ABC1270009A789 /* DubizzleApp */,
				44B0320D23ABC12A0009A789 /* DubizzleAppTests */,
				44B0321823ABC12A0009A789 /* DubizzleAppUITests */,
				44B031F723ABC1270009A789 /* Products */,
			);
			sourceTree = "<group>";
		};
		44B031F723ABC1270009A789 /* Products */ = {
			isa = PBXGroup;
			children = (
				44B031F623ABC1270009A789 /* DubizzleApp.app */,
				44B0320A23ABC12A0009A789 /* DubizzleAppTests.xctest */,
				44B0321523ABC12A0009A789 /* DubizzleAppUITests.xctest */,
			);
			name = Products;
			sourceTree = "<group>";
		};
		44B031F823ABC1270009A789 /* DubizzleApp */ = {
			isa = PBXGroup;
			children = (
				44B0324123ACBF1B0009A789 /* Models */,
				44B0323A23ACBA5E0009A789 /* Network */,
				44B0322D23ACB8EC0009A789 /* Constants */,
				44B0322723ABCA050009A789 /* UI */,
				44B031F923ABC1270009A789 /* AppDelegate.swift */,
				44B0320023ABC12A0009A789 /* Assets.xcassets */,
				44B0320523ABC12A0009A789 /* Info.plist */,
			);
			path = DubizzleApp;
			sourceTree = "<group>";
		};
		44B0320D23ABC12A0009A789 /* DubizzleAppTests */ = {
			isa = PBXGroup;
			children = (
				44B0320E23ABC12A0009A789 /* DubizzleAppTests.swift */,
				44B0321023ABC12A0009A789 /* Info.plist */,
			);
			path = DubizzleAppTests;
			sourceTree = "<group>";
		};
		44B0321823ABC12A0009A789 /* DubizzleAppUITests */ = {
			isa = PBXGroup;
			children = (
				44B0321923ABC12A0009A789 /* DubizzleAppUITests.swift */,
				44B0321B23ABC12A0009A789 /* Info.plist */,
			);
			path = DubizzleAppUITests;
			sourceTree = "<group>";
		};
		44B0322723ABCA050009A789 /* UI */ = {
			isa = PBXGroup;
			children = (
				44B0324023ACBBBA0009A789 /* ViewControllers */,
				44B0323F23ACBBB10009A789 /* Storyboards */,
				44B0322823ABCA110009A789 /* Views */,
			);
			path = UI;
			sourceTree = "<group>";
		};
		44B0322823ABCA110009A789 /* Views */ = {
			isa = PBXGroup;
			children = (
				44B0322923ABCA3F0009A789 /* ProductCell.swift */,
			);
			path = Views;
			sourceTree = "<group>";
		};
		44B0322D23ACB8EC0009A789 /* Constants */ = {
			isa = PBXGroup;
			children = (
				44B0323223ACB92F0009A789 /* AppConstants.swift */,
				44B0323623ACB9980009A789 /* NetworkConstants.swift */,
			);
			path = Constants;
			sourceTree = "<group>";
		};
		44B0323A23ACBA5E0009A789 /* Network */ = {
			isa = PBXGroup;
			children = (
				44B0323B23ACBAAB0009A789 /* NetworkManager.swift */,
			);
			path = Network;
			sourceTree = "<group>";
		};
		44B0323F23ACBBB10009A789 /* Storyboards */ = {
			isa = PBXGroup;
			children = (
				44B031FD23ABC1270009A789 /* Main.storyboard */,
				44B0320223ABC12A0009A789 /* LaunchScreen.storyboard */,
			);
			path = Storyboards;
			sourceTree = "<group>";
		};
		44B0324023ACBBBA0009A789 /* ViewControllers */ = {
			isa = PBXGroup;
			children = (
				44B031FB23ABC1270009A789 /* ViewController.swift */,
			);
			path = ViewControllers;
			sourceTree = "<group>";
		};
		44B0324123ACBF1B0009A789 /* Models */ = {
			isa = PBXGroup;
			children = (
				44B0324223ACBF2F0009A789 /* ProductModel.swift */,
			);
			path = Models;
			sourceTree = "<group>";
		};
/* End PBXGroup section */

/* Begin PBXNativeTarget section */
		44B031F523ABC1270009A789 /* DubizzleApp */ = {
			isa = PBXNativeTarget;
			buildConfigurationList = 44B0321E23ABC12A0009A789 /* Build configuration list for PBXNativeTarget "DubizzleApp" */;
			buildPhases = (
				44B031F223ABC1270009A789 /* Sources */,
				44B031F323ABC1270009A789 /* Frameworks */,
				44B031F423ABC1270009A789 /* Resources */,
			);
			buildRules = (
			);
			dependencies = (
			);
			name = DubizzleApp;
			productName = DubizzleApp;
			productReference = 44B031F623ABC1270009A789 /* DubizzleApp.app */;
			productType = "com.apple.product-type.application";
		};
		44B0320923ABC12A0009A789 /* DubizzleAppTests */ = {
			isa = PBXNativeTarget;
			buildConfigurationList = 44B0322123ABC12A0009A789 /* Build configuration list for PBXNativeTarget "DubizzleAppTests" */;
			buildPhases = (
				44B0320623ABC12A0009A789 /* Sources */,
				44B0320723ABC12A0009A789 /* Frameworks */,
				44B0320823ABC12A0009A789 /* Resources */,
			);
			buildRules = (
			);
			dependencies = (
				44B0320C23ABC12A0009A789 /* PBXTargetDependency */,
			);
			name = DubizzleAppTests;
			productName = DubizzleAppTests;
			productReference = 44B0320A23ABC12A0009A789 /* DubizzleAppTests.xctest */;
			productType = "com.apple.product-type.bundle.unit-test";
		};
		44B0321423ABC12A0009A789 /* DubizzleAppUITests */ = {
			isa = PBXNativeTarget;
			buildConfigurationList = 44B0322423ABC12A0009A789 /* Build configuration list for PBXNativeTarget "DubizzleAppUITests" */;
			buildPhases = (
				44B0321123ABC12A0009A789 /* Sources */,
				44B0321223ABC12A0009A789 /* Frameworks */,
				44B0321323ABC12A0009A789 /* Resources */,
			);
			buildRules = (
			);
			dependencies = (
				44B0321723ABC12A0009A789 /* PBXTargetDependency */,
			);
			name = DubizzleAppUITests;
			productName = DubizzleAppUITests;
			productReference = 44B0321523ABC12A0009A789 /* DubizzleAppUITests.xctest */;
			productType = "com.apple.product-type.bundle.ui-testing";
		};
/* End PBXNativeTarget section */

/* Begin PBXProject section */
		44B031EE23ABC1270009A789 /* Project object */ = {
			isa = PBXProject;
			attributes = {
				LastSwiftUpdateCheck = 1030;
				LastUpgradeCheck = 1030;
				ORGANIZATIONNAME = dubizzle;
				TargetAttributes = {
					44B031F523ABC1270009A789 = {
						CreatedOnToolsVersion = 10.3;
					};
					44B0320923ABC12A0009A789 = {
						CreatedOnToolsVersion = 10.3;
						TestTargetID = 44B031F523ABC1270009A789;
					};
					44B0321423ABC12A0009A789 = {
						CreatedOnToolsVersion = 10.3;
						TestTargetID = 44B031F523ABC1270009A789;
					};
				};
			};
			buildConfigurationList = 44B031F123ABC1270009A789 /* Build configuration list for PBXProject "DubizzleApp" */;
			compatibilityVersion = "Xcode 9.3";
			developmentRegion = en;
			hasScannedForEncodings = 0;
			knownRegions = (
				en,
				Base,
			);
			mainGroup = 44B031ED23ABC1270009A789;
			productRefGroup = 44B031F723ABC1270009A789 /* Products */;
			projectDirPath = "";
			projectRoot = "";
			targets = (
				44B031F523ABC1270009A789 /* DubizzleApp */,
				44B0320923ABC12A0009A789 /* DubizzleAppTests */,
				44B0321423ABC12A0009A789 /* DubizzleAppUITests */,
			);
		};
/* End PBXProject section */

/* Begin PBXResourcesBuildPhase section */
		44B031F423ABC1270009A789 /* Resources */ = {
			isa = PBXResourcesBuildPhase;
			buildActionMask = 2147483647;
			files = (
				44B0320423ABC12A0009A789 /* LaunchScreen.storyboard in Resources */,
				44B0320123ABC12A0009A789 /* Assets.xcassets in Resources */,
				44B031FF23ABC1270009A789 /* Main.storyboard in Resources */,
			);
			runOnlyForDeploymentPostprocessing = 0;
		};
		44B0320823ABC12A0009A789 /* Resources */ = {
			isa = PBXResourcesBuildPhase;
			buildActionMask = 2147483647;
			files = (
			);
			runOnlyForDeploymentPostprocessing = 0;
		};
		44B0321323ABC12A0009A789 /* Resources */ = {
			isa = PBXResourcesBuildPhase;
			buildActionMask = 2147483647;
			files = (
			);
			runOnlyForDeploymentPostprocessing = 0;
		};
/* End PBXResourcesBuildPhase section */

/* Begin PBXSourcesBuildPhase section */
		44B031F223ABC1270009A789 /* Sources */ = {
			isa = PBXSourcesBuildPhase;
			buildActionMask = 2147483647;
			files = (
				44B0323C23ACBAAB0009A789 /* NetworkManager.swift in Sources */,
				44B0322A23ABCA3F0009A789 /* ProductCell.swift in Sources */,
				44B031FC23ABC1270009A789 /* ViewController.swift in Sources */,
				44B0323723ACB9980009A789 /* NetworkConstants.swift in Sources */,
				44B031FA23ABC1270009A789 /* AppDelegate.swift in Sources */,
				44B0324323ACBF2F0009A789 /* ProductModel.swift in Sources */,
				44B0323323ACB92F0009A789 /* AppConstants.swift in Sources */,
			);
			runOnlyForDeploymentPostprocessing = 0;
		};
		44B0320623ABC12A0009A789 /* Sources */ = {
			isa = PBXSourcesBuildPhase;
			buildActionMask = 2147483647;
			files = (
				44B0323823ACB9980009A789 /* NetworkConstants.swift in Sources */,
				44B0324423ACBF2F0009A789 /* ProductModel.swift in Sources */,
				44B0320F23ABC12A0009A789 /* DubizzleAppTests.swift in Sources */,
				44B0323D23ACBAAB0009A789 /* NetworkManager.swift in Sources */,
				44B0323423ACB92F0009A789 /* AppConstants.swift in Sources */,
				44B0322B23ABCA3F0009A789 /* ProductCell.swift in Sources */,
			);
			runOnlyForDeploymentPostprocessing = 0;
		};
		44B0321123ABC12A0009A789 /* Sources */ = {
			isa = PBXSourcesBuildPhase;
			buildActionMask = 2147483647;
			files = (
				44B0323923ACB9980009A789 /* NetworkConstants.swift in Sources */,
				44B0324523ACBF2F0009A789 /* ProductModel.swift in Sources */,
				44B0321A23ABC12A0009A789 /* DubizzleAppUITests.swift in Sources */,
				44B0323E23ACBAAB0009A789 /* NetworkManager.swift in Sources */,
				44B0323523ACB92F0009A789 /* AppConstants.swift in Sources */,
				44B0322C23ABCA3F0009A789 /* ProductCell.swift in Sources */,
			);
			runOnlyForDeploymentPostprocessing = 0;
		};
/* End PBXSourcesBuildPhase section */

/* Begin PBXTargetDependency section */
		44B0320C23ABC12A0009A789 /* PBXTargetDependency */ = {
			isa = PBXTargetDependency;
			target = 44B031F523ABC1270009A789 /* DubizzleApp */;
			targetProxy = 44B0320B23ABC12A0009A789 /* PBXContainerItemProxy */;
		};
		44B0321723ABC12A0009A789 /* PBXTargetDependency */ = {
			isa = PBXTargetDependency;
			target = 44B031F523ABC1270009A789 /* DubizzleApp */;
			targetProxy = 44B0321623ABC12A0009A789 /* PBXContainerItemProxy */;
		};
/* End PBXTargetDependency section */

/* Begin PBXVariantGroup section */
		44B031FD23ABC1270009A789 /* Main.storyboard */ = {
			isa = PBXVariantGroup;
			children = (
				44B031FE23ABC1270009A789 /* Base */,
			);
			name = Main.storyboard;
			sourceTree = "<group>";
		};
		44B0320223ABC12A0009A789 /* LaunchScreen.storyboard */ = {
			isa = PBXVariantGroup;
			children = (
				44B0320323ABC12A0009A789 /* Base */,
			);
			name = LaunchScreen.storyboard;
			sourceTree = "<group>";
		};
/* End PBXVariantGroup section */

/* Begin XCBuildConfiguration section */
		44B0321C23ABC12A0009A789 /* Debug */ = {
			isa = XCBuildConfiguration;
			buildSettings = {
				ALWAYS_SEARCH_USER_PATHS = NO;
				CLANG_ANALYZER_NONNULL = YES;
				CLANG_ANALYZER_NUMBER_OBJECT_CONVERSION = YES_AGGRESSIVE;
				CLANG_CXX_LANGUAGE_STANDARD = "gnu++14";
				CLANG_CXX_LIBRARY = "libc++";
				CLANG_ENABLE_MODULES = YES;
				CLANG_ENABLE_OBJC_ARC = YES;
				CLANG_ENABLE_OBJC_WEAK = YES;
				CLANG_WARN_BLOCK_CAPTURE_AUTORELEASING = YES;
				CLANG_WARN_BOOL_CONVERSION = YES;
				CLANG_WARN_COMMA = YES;
				CLANG_WARN_CONSTANT_CONVERSION = YES;
				CLANG_WARN_DEPRECATED_OBJC_IMPLEMENTATIONS = YES;
				CLANG_WARN_DIRECT_OBJC_ISA_USAGE = YES_ERROR;
				CLANG_WARN_DOCUMENTATION_COMMENTS = YES;
				CLANG_WARN_EMPTY_BODY = YES;
				CLANG_WARN_ENUM_CONVERSION = YES;
				CLANG_WARN_INFINITE_RECURSION = YES;
				CLANG_WARN_INT_CONVERSION = YES;
				CLANG_WARN_NON_LITERAL_NULL_CONVERSION = YES;
				CLANG_WARN_OBJC_IMPLICIT_RETAIN_SELF = YES;
				CLANG_WARN_OBJC_LITERAL_CONVERSION = YES;
				CLANG_WARN_OBJC_ROOT_CLASS = YES_ERROR;
				CLANG_WARN_RANGE_LOOP_ANALYSIS = YES;
				CLANG_WARN_STRICT_PROTOTYPES = YES;
				CLANG_WARN_SUSPICIOUS_MOVE = YES;
				CLANG_WARN_UNGUARDED_AVAILABILITY = YES_AGGRESSIVE;
				CLANG_WARN_UNREACHABLE_CODE = YES;
				CLANG_WARN__DUPLICATE_METHOD_MATCH = YES;
				CODE_SIGN_IDENTITY = "iPhone Developer";
				COPY_PHASE_STRIP = NO;
				DEBUG_INFORMATION_FORMAT = dwarf;
				ENABLE_STRICT_OBJC_MSGSEND = YES;
				ENABLE_TESTABILITY = YES;
				GCC_C_LANGUAGE_STANDARD = gnu11;
				GCC_DYNAMIC_NO_PIC = NO;
				GCC_NO_COMMON_BLOCKS = YES;
				GCC_OPTIMIZATION_LEVEL = 0;
				GCC_PREPROCESSOR_DEFINITIONS = (
					"DEBUG=1",
					"$(inherited)",
				);
				GCC_WARN_64_TO_32_BIT_CONVERSION = YES;
				GCC_WARN_ABOUT_RETURN_TYPE = YES_ERROR;
				GCC_WARN_UNDECLARED_SELECTOR = YES;
				GCC_WARN_UNINITIALIZED_AUTOS = YES_AGGRESSIVE;
				GCC_WARN_UNUSED_FUNCTION = YES;
				GCC_WARN_UNUSED_VARIABLE = YES;
				IPHONEOS_DEPLOYMENT_TARGET = 12.4;
				MTL_ENABLE_DEBUG_INFO = INCLUDE_SOURCE;
				MTL_FAST_MATH = YES;
				ONLY_ACTIVE_ARCH = YES;
				SDKROOT = iphoneos;
				SWIFT_ACTIVE_COMPILATION_CONDITIONS = DEBUG;
				SWIFT_OPTIMIZATION_LEVEL = "-Onone";
			};
			name = Debug;
		};
		44B0321D23ABC12A0009A789 /* Release */ = {
			isa = XCBuildConfiguration;
			buildSettings = {
				ALWAYS_SEARCH_USER_PATHS = NO;
				CLANG_ANALYZER_NONNULL = YES;
				CLANG_ANALYZER_NUMBER_OBJECT_CONVERSION = YES_AGGRESSIVE;
				CLANG_CXX_LANGUAGE_STANDARD = "gnu++14";
				CLANG_CXX_LIBRARY = "libc++";
				CLANG_ENABLE_MODULES = YES;
				CLANG_ENABLE_OBJC_ARC = YES;
				CLANG_ENABLE_OBJC_WEAK = YES;
				CLANG_WARN_BLOCK_CAPTURE_AUTORELEASING = YES;
				CLANG_WARN_BOOL_CONVERSION = YES;
				CLANG_WARN_COMMA = YES;
				CLANG_WARN_CONSTANT_CONVERSION = YES;
				CLANG_WARN_DEPRECATED_OBJC_IMPLEMENTATIONS = YES;
				CLANG_WARN_DIRECT_OBJC_ISA_USAGE = YES_ERROR;
				CLANG_WARN_DOCUMENTATION_COMMENTS = YES;
				CLANG_WARN_EMPTY_BODY = YES;
				CLANG_WARN_ENUM_CONVERSION = YES;
				CLANG_WARN_INFINITE_RECURSION = YES;
				CLANG_WARN_INT_CONVERSION = YES;
				CLANG_WARN_NON_LITERAL_NULL_CONVERSION = YES;
				CLANG_WARN_OBJC_IMPLICIT_RETAIN_SELF = YES;
				CLANG_WARN_OBJC_LITERAL_CONVERSION = YES;
				CLANG_WARN_OBJC_ROOT_CLASS = YES_ERROR;
				CLANG_WARN_RANGE_LOOP_ANALYSIS = YES;
				CLANG_WARN_STRICT_PROTOTYPES = YES;
				CLANG_WARN_SUSPICIOUS_MOVE = YES;
				CLANG_WARN_UNGUARDED_AVAILABILITY = YES_AGGRESSIVE;
				CLANG_WARN_UNREACHABLE_CODE = YES;
				CLANG_WARN__DUPLICATE_METHOD_MATCH = YES;
				CODE_SIGN_IDENTITY = "iPhone Developer";
				COPY_PHASE_STRIP = NO;
				DEBUG_INFORMATION_FORMAT = "dwarf-with-dsym";
				ENABLE_NS_ASSERTIONS = NO;
				ENABLE_STRICT_OBJC_MSGSEND = YES;
				GCC_C_LANGUAGE_STANDARD = gnu11;
				GCC_NO_COMMON_BLOCKS = YES;
				GCC_WARN_64_TO_32_BIT_CONVERSION = YES;
				GCC_WARN_ABOUT_RETURN_TYPE = YES_ERROR;
				GCC_WARN_UNDECLARED_SELECTOR = YES;
				GCC_WARN_UNINITIALIZED_AUTOS = YES_AGGRESSIVE;
				GCC_WARN_UNUSED_FUNCTION = YES;
				GCC_WARN_UNUSED_VARIABLE = YES;
				IPHONEOS_DEPLOYMENT_TARGET = 12.4;
				MTL_ENABLE_DEBUG_INFO = NO;
				MTL_FAST_MATH = YES;
				SDKROOT = iphoneos;
				SWIFT_COMPILATION_MODE = wholemodule;
				SWIFT_OPTIMIZATION_LEVEL = "-O";
				VALIDATE_PRODUCT = YES;
			};
			name = Release;
		};
		44B0321F23ABC12A0009A789 /* Debug */ = {
			isa = XCBuildConfiguration;
			buildSettings = {
				ASSETCATALOG_COMPILER_APPICON_NAME = AppIcon;
				CODE_SIGN_STYLE = Automatic;
				INFOPLIST_FILE = DubizzleApp/Info.plist;
				LD_RUNPATH_SEARCH_PATHS = (
					"$(inherited)",
					"@executable_path/Frameworks",
				);
				PRODUCT_BUNDLE_IDENTIFIER = com.app.DubizzleApp;
				PRODUCT_NAME = "$(TARGET_NAME)";
				SWIFT_VERSION = 5.0;
				TARGETED_DEVICE_FAMILY = "1,2";
			};
			name = Debug;
		};
		44B0322023ABC12A0009A789 /* Release */ = {
			isa = XCBuildConfiguration;
			buildSettings = {
				ASSETCATALOG_COMPILER_APPICON_NAME = AppIcon;
				CODE_SIGN_STYLE = Automatic;
				INFOPLIST_FILE = DubizzleApp/Info.plist;
				LD_RUNPATH_SEARCH_PATHS = (
					"$(inherited)",
					"@executable_path/Frameworks",
				);
				PRODUCT_BUNDLE_IDENTIFIER = com.app.DubizzleApp;
				PRODUCT_NAME = "$(TARGET_NAME)";
				SWIFT_VERSION = 5.0;
				TARGETED_DEVICE_FAMILY = "1,2";
			};
			name = Release;
		};
		44B0322223ABC12A0009A789 /* Debug */ = {
			isa = XCBuildConfiguration;
			buildSettings = {
				ALWAYS_EMBED_SWIFT_STANDARD_LIBRARIES = YES;
				BUNDLE_LOADER = "$(TEST_HOST)";
				CODE_SIGN_STYLE = Automatic;
				INFOPLIST_FILE = DubizzleAppTests/Info.plist;
				LD_RUNPATH_SEARCH_PATHS = (
					"$(inherited)",
					"@executable_path/Frameworks",
					"@loader_path/Frameworks",
				);
				PRODUCT_BUNDLE_IDENTIFIER = com.app.DubizzleAppTests;
				PRODUCT_NAME = "$(TARGET_NAME)";
				SWIFT_VERSION = 5.0;
				TARGETED_DEVICE_FAMILY = "1,2";
				TEST_HOST = "$(BUILT_PRODUCTS_DIR)/DubizzleApp.app/DubizzleApp";
			};
			name = Debug;
		};
		44B0322323ABC12A0009A789 /* Release */ = {
			isa = XCBuildConfiguration;
			buildSettings = {
				ALWAYS_EMBED_SWIFT_STANDARD_LIBRARIES = YES;
				BUNDLE_LOADER = "$(TEST_HOST)";
				CODE_SIGN_STYLE = Automatic;
				INFOPLIST_FILE = DubizzleAppTests/Info.plist;
				LD_RUNPATH_SEARCH_PATHS = (
					"$(inherited)",
					"@executable_path/Frameworks",
					"@loader_path/Frameworks",
				);
				PRODUCT_BUNDLE_IDENTIFIER = com.app.DubizzleAppTests;
				PRODUCT_NAME = "$(TARGET_NAME)";
				SWIFT_VERSION = 5.0;
				TARGETED_DEVICE_FAMILY = "1,2";
				TEST_HOST = "$(BUILT_PRODUCTS_DIR)/DubizzleApp.app/DubizzleApp";
			};
			name = Release;
		};
		44B0322523ABC12A0009A789 /* Debug */ = {
			isa = XCBuildConfiguration;
			buildSettings = {
				ALWAYS_EMBED_SWIFT_STANDARD_LIBRARIES = YES;
				CODE_SIGN_STYLE = Automatic;
				INFOPLIST_FILE = DubizzleAppUITests/Info.plist;
				LD_RUNPATH_SEARCH_PATHS = (
					"$(inherited)",
					"@executable_path/Frameworks",
					"@loader_path/Frameworks",
				);
				PRODUCT_BUNDLE_IDENTIFIER = com.app.DubizzleAppUITests;
				PRODUCT_NAME = "$(TARGET_NAME)";
				SWIFT_VERSION = 5.0;
				TARGETED_DEVICE_FAMILY = "1,2";
				TEST_TARGET_NAME = DubizzleApp;
			};
			name = Debug;
		};
		44B0322623ABC12A0009A789 /* Release */ = {
			isa = XCBuildConfiguration;
			buildSettings = {
				ALWAYS_EMBED_SWIFT_STANDARD_LIBRARIES = YES;
				CODE_SIGN_STYLE = Automatic;
				INFOPLIST_FILE = DubizzleAppUITests/Info.plist;
				LD_RUNPATH_SEARCH_PATHS = (
					"$(inherited)",
					"@executable_path/Frameworks",
					"@loader_path/Frameworks",
				);
				PRODUCT_BUNDLE_IDENTIFIER = com.app.DubizzleAppUITests;
				PRODUCT_NAME = "$(TARGET_NAME)";
				SWIFT_VERSION = 5.0;
				TARGETED_DEVICE_FAMILY = "1,2";
				TEST_TARGET_NAME = DubizzleApp;
			};
			name = Release;
		};
/* End XCBuildConfiguration section */

/* Begin XCConfigurationList section */
		44B031F123ABC1270009A789 /* Build configuration list for PBXProject "DubizzleApp" */ = {
			isa = XCConfigurationList;
			buildConfigurations = (
				44B0321C23ABC12A0009A789 /* Debug */,
				44B0321D23ABC12A0009A789 /* Release */,
			);
			defaultConfigurationIsVisible = 0;
			defaultConfigurationName = Release;
		};
		44B0321E23ABC12A0009A789 /* Build configuration list for PBXNativeTarget "DubizzleApp" */ = {
			isa = XCConfigurationList;
			buildConfigurations = (
				44B0321F23ABC12A0009A789 /* Debug */,
				44B0322023ABC12A0009A789 /* Release */,
			);
			defaultConfigurationIsVisible = 0;
			defaultConfigurationName = Release;
		};
		44B0322123ABC12A0009A789 /* Build configuration list for PBXNativeTarget "DubizzleAppTests" */ = {
			isa = XCConfigurationList;
			buildConfigurations = (
				44B0322223ABC12A0009A789 /* Debug */,
				44B0322323ABC12A0009A789 /* Release */,
			);
			defaultConfigurationIsVisible = 0;
			defaultConfigurationName = Release;
		};
		44B0322423ABC12A0009A789 /* Build configuration list for PBXNativeTarget "DubizzleAppUITests" */ = {
			isa = XCConfigurationList;
			buildConfigurations = (
				44B0322523ABC12A0009A789 /* Debug */,
				44B0322623ABC12A0009A789 /* Release */,
			);
			defaultConfigurationIsVisible = 0;
			defaultConfigurationName = Release;
		};
/* End XCConfigurationList section */
	};
	rootObject = 44B031EE23ABC1270009A789 /* Project object */;
}
